<?xml version="1.0" encoding="UTF-8"?>
<!DOCTYPE plist PUBLIC "-//Apple//DTD PLIST 1.0//EN" "http://www.apple.com/DTDs/PropertyList-1.0.dtd">
<plist version="1.0">
<dict>
	<key>hostname</key>
	<string>Mac.lan</string>
	<key>hostuuid</key>
	<string>E7399908-4CA1-5BB2-8352-F3913FD64944</string>
	<key>pid</key>
	<integer>85488</integer>
	<key>processname</key>
	<string>photolibraryd</string>
	<key>uid</key>
	<integer>502</integer>
</dict>
</plist>
